// !$*UTF8*$!
{
	archiveVersion = 1;
	classes = {
	};
	objectVersion = 77;
	objects = {

/* Begin PBXBuildFile section */
		C44DE10E303E15310082FD4C /* AIScopePolicy.swift in Sources */ = {isa = PBXBuildFile; fileRef = C44DE10D303E15310082FD4C /* AIScopePolicy.swift */; };
		C45E009230377ABD0021D7F2 /* OnboardingFlow.swift in Sources */ = {isa = PBXBuildFile; fileRef = C45E009130377ABD0021D7F2 /* OnboardingFlow.swift */; };
		C45E0094303782730021D7F2 /* SwiftDataPersistence.swift in Sources */ = {isa = PBXBuildFile; fileRef = C45E0093303782730021D7F2 /* SwiftDataPersistence.swift */; };
		C473BA1C3038622200C67296 /* AuthModels.swift in Sources */ = {isa = PBXBuildFile; fileRef = C473BA1B3038622200C67296 /* AuthModels.swift */; };
		C473BA1E3038623200C67296 /* AuthStore.swift in Sources */ = {isa = PBXBuildFile; fileRef = C473BA1D3038623200C67296 /* AuthStore.swift */; };
		C473BA203038624500C67296 /* AccountView.swift in Sources */ = {isa = PBXBuildFile; fileRef = C473BA1F3038624500C67296 /* AccountView.swift */; };
		C473BA2230386BC100C67296 /* BUILD_STATUS.md in Resources */ = {isa = PBXBuildFile; fileRef = C473BA2130386BC100C67296 /* BUILD_STATUS.md */; };
		C473BA253038846300C67296 /* BarcodeScannerView.swift in Sources */ = {isa = PBXBuildFile; fileRef = C473BA243038846300C67296 /* BarcodeScannerView.swift */; };
		C473BA273038848900C67296 /* ReceiptScannerView.swift in Sources */ = {isa = PBXBuildFile; fileRef = C473BA263038848900C67296 /* ReceiptScannerView.swift */; };
		C4CCD1773037534300157B4E /* AppModels.swift in Sources */ = {isa = PBXBuildFile; fileRef = C4CCD1763037534300157B4E /* AppModels.swift */; };
		C4CCD1793037535000157B4E /* AITypes.swift in Sources */ = {isa = PBXBuildFile; fileRef = C4CCD1783037535000157B4E /* AITypes.swift */; };
		C4CCD17B3037536B00157B4E /* ProposedAction.swift in Sources */ = {isa = PBXBuildFile; fileRef = C4CCD17A3037536B00157B4E /* ProposedAction.swift */; };
		C4CCD17D3037538E00157B4E /* MockAIService.swift in Sources */ = {isa = PBXBuildFile; fileRef = C4CCD17C3037538E00157B4E /* MockAIService.swift */; };
		C4CCD17F303753A700157B4E /* AppStore.swift in Sources */ = {isa = PBXBuildFile; fileRef = C4CCD17E303753A700157B4E /* AppStore.swift */; };
		C4CCD181303753AD00157B4E /* ChatModels.swift in Sources */ = {isa = PBXBuildFile; fileRef = C4CCD180303753AD00157B4E /* ChatModels.swift */; };
		C4CCD183303753C700157B4E /* ChatViewModel.swift in Sources */ = {isa = PBXBuildFile; fileRef = C4CCD182303753C700157B4E /* ChatViewModel.swift */; };
		C4CCD185303753DC00157B4E /* ChatView.swift in Sources */ = {isa = PBXBuildFile; fileRef = C4CCD184303753DC00157B4E /* ChatView.swift */; };
		C4CCD187303753E700157B4E /* MessageBubbleView.swift in Sources */ = {isa = PBXBuildFile; fileRef = C4CCD186303753E700157B4E /* MessageBubbleView.swift */; };
		C4CCD189303753FB00157B4E /* ActionProposalView.swift in Sources */ = {isa = PBXBuildFile; fileRef = C4CCD188303753FB00157B4E /* ActionProposalView.swift */; };
		C4CCD18B3037540300157B4E /* ActivityTagView.swift in Sources */ = {isa = PBXBuildFile; fileRef = C4CCD18A3037540300157B4E /* ActivityTagView.swift */; };
		C4CCD18D3037541100157B4E /* ShoppingView.swift in Sources */ = {isa = PBXBuildFile; fileRef = C4CCD18C3037541100157B4E /* ShoppingView.swift */; };
		C4CCD18F3037541E00157B4E /* PricesView.swift in Sources */ = {isa = PBXBuildFile; fileRef = C4CCD18E3037541E00157B4E /* PricesView.swift */; };
		C4CCD1913037542900157B4E /* RecipesView.swift in Sources */ = {isa = PBXBuildFile; fileRef = C4CCD1903037542900157B4E /* RecipesView.swift */; };
		C4CCD1933037543700157B4E /* SettingsView.swift in Sources */ = {isa = PBXBuildFile; fileRef = C4CCD1923037543700157B4E /* SettingsView.swift */; };
		C4CCD1953037543C00157B4E /* RootTabView.swift in Sources */ = {isa = PBXBuildFile; fileRef = C4CCD1943037543C00157B4E /* RootTabView.swift */; };
		C4CCD1973037571D00157B4E /* KeychainService.swift in Sources */ = {isa = PBXBuildFile; fileRef = C4CCD1963037571D00157B4E /* KeychainService.swift */; };
		C4CCD1993037572800157B4E /* GeminiAPITypes.swift in Sources */ = {isa = PBXBuildFile; fileRef = C4CCD1983037572800157B4E /* GeminiAPITypes.swift */; };
		C4CCD19B3037575800157B4E /* GeminiAIService.swift in Sources */ = {isa = PBXBuildFile; fileRef = C4CCD19A3037575800157B4E /* GeminiAIService.swift */; };
		C4CCD19D3037583D00157B4E /* APIKeys.swift in Sources */ = {isa = PBXBuildFile; fileRef = C4CCD19C3037583D00157B4E /* APIKeys.swift */; };
		C4CCD19F30375A1D00157B4E /* OnboardingView.swift in Sources */ = {isa = PBXBuildFile; fileRef = C4CCD19E30375A1D00157B4E /* OnboardingView.swift */; };
		C4CCD1A130375A4500157B4E /* ManualEntrySheets.swift in Sources */ = {isa = PBXBuildFile; fileRef = C4CCD1A030375A4500157B4E /* ManualEntrySheets.swift */; };
		C4CCD1A330375A5E00157B4E /* PriceComparisonView.swift in Sources */ = {isa = PBXBuildFile; fileRef = C4CCD1A230375A5E00157B4E /* PriceComparisonView.swift */; };
		C4D8788F3037897E002CD76D /* PrisPilotApp.swift in Sources */ = {isa = PBXBuildFile; fileRef = C4D8788D3037897E002CD76D /* PrisPilotApp.swift */; };
/* End PBXBuildFile section */

/* Begin PBXContainerItemProxy section */
		C4ACBB0930374FAC00D1D068 /* PBXContainerItemProxy */ = {
			isa = PBXContainerItemProxy;
			containerPortal = C4ACBAF130374FA900D1D068 /* Project object */;
			proxyType = 1;
			remoteGlobalIDString = C4ACBAF830374FA900D1D068;
			remoteInfo = PrisPilot;
		};
		C4ACBB1330374FAC00D1D068 /* PBXContainerItemProxy */ = {
			isa = PBXContainerItemProxy;
			containerPortal = C4ACBAF130374FA900D1D068 /* Project object */;
			proxyType = 1;
			remoteGlobalIDString = C4ACBAF830374FA900D1D068;
			remoteInfo = PrisPilot;
		};
/* End PBXContainerItemProxy section */

/* Begin PBXFileReference section */
		C44DE10D303E15310082FD4C /* AIScopePolicy.swift */ = {isa = PBXFileReference; lastKnownFileType = sourcecode.swift; path = AIScopePolicy.swift; sourceTree = "<group>"; };
		C45E009130377ABD0021D7F2 /* OnboardingFlow.swift */ = {isa = PBXFileReference; lastKnownFileType = sourcecode.swift; path = OnboardingFlow.swift; sourceTree = "<group>"; };
		C45E0093303782730021D7F2 /* SwiftDataPersistence.swift */ = {isa = PBXFileReference; lastKnownFileType = sourcecode.swift; path = SwiftDataPersistence.swift; sourceTree = "<group>"; };
		C473BA1B3038622200C67296 /* AuthModels.swift */ = {isa = PBXFileReference; lastKnownFileType = sourcecode.swift; path = AuthModels.swift; sourceTree = "<group>"; };
		C473BA1D3038623200C67296 /* AuthStore.swift */ = {isa = PBXFileReference; lastKnownFileType = sourcecode.swift; path = AuthStore.swift; sourceTree = "<group>"; };
		C473BA1F3038624500C67296 /* AccountView.swift */ = {isa = PBXFileReference; lastKnownFileType = sourcecode.swift; path = AccountView.swift; sourceTree = "<group>"; };
		C473BA2130386BC100C67296 /* BUILD_STATUS.md */ = {isa = PBXFileReference; lastKnownFileType = net.daringfireball.markdown; path = BUILD_STATUS.md; sourceTree = "<group>"; };
		C473BA243038846300C67296 /* BarcodeScannerView.swift */ = {isa = PBXFileReference; lastKnownFileType = sourcecode.swift; path = BarcodeScannerView.swift; sourceTree = "<group>"; };
		C473BA263038848900C67296 /* ReceiptScannerView.swift */ = {isa = PBXFileReference; lastKnownFileType = sourcecode.swift; path = ReceiptScannerView.swift; sourceTree = "<group>"; };
		C4ACBAF930374FA900D1D068 /* PrisPilot.app */ = {isa = PBXFileReference; explicitFileType = wrapper.application; includeInIndex = 0; path = PrisPilot.app; sourceTree = BUILT_PRODUCTS_DIR; };
		C4ACBB0830374FAC00D1D068 /* PrisPilotTests.xctest */ = {isa = PBXFileReference; explicitFileType = wrapper.cfbundle; includeInIndex = 0; path = PrisPilotTests.xctest; sourceTree = BUILT_PRODUCTS_DIR; };
		C4ACBB1230374FAC00D1D068 /* PrisPilotUITests.xctest */ = {isa = PBXFileReference; explicitFileType = wrapper.cfbundle; includeInIndex = 0; path = PrisPilotUITests.xctest; sourceTree = BUILT_PRODUCTS_DIR; };
		C4ACBB253037503600D1D068 /* Grocery_AI_App_Plan.md */ = {isa = PBXFileReference; lastKnownFileType = net.daringfireball.markdown; path = Grocery_AI_App_Plan.md; sourceTree = "<group>"; };
		C4CCD1763037534300157B4E /* AppModels.swift */ = {isa = PBXFileReference; lastKnownFileType = sourcecode.swift; path = AppModels.swift; sourceTree = "<group>"; };
		C4CCD1783037535000157B4E /* AITypes.swift */ = {isa = PBXFileReference; lastKnownFileType = sourcecode.swift; path = AITypes.swift; sourceTree = "<group>"; };
		C4CCD17A3037536B00157B4E /* ProposedAction.swift */ = {isa = PBXFileReference; lastKnownFileType = sourcecode.swift; path = ProposedAction.swift; sourceTree = "<group>"; };
		C4CCD17C3037538E00157B4E /* MockAIService.swift */ = {isa = PBXFileReference; lastKnownFileType = sourcecode.swift; path = MockAIService.swift; sourceTree = "<group>"; };
		C4CCD17E303753A700157B4E /* AppStore.swift */ = {isa = PBXFileReference; lastKnownFileType = sourcecode.swift; path = AppStore.swift; sourceTree = "<group>"; };
		C4CCD180303753AD00157B4E /* ChatModels.swift */ = {isa = PBXFileReference; lastKnownFileType = sourcecode.swift; path = ChatModels.swift; sourceTree = "<group>"; };
		C4CCD182303753C700157B4E /* ChatViewModel.swift */ = {isa = PBXFileReference; lastKnownFileType = sourcecode.swift; path = ChatViewModel.swift; sourceTree = "<group>"; };
		C4CCD184303753DC00157B4E /* ChatView.swift */ = {isa = PBXFileReference; lastKnownFileType = sourcecode.swift; path = ChatView.swift; sourceTree = "<group>"; };
		C4CCD186303753E700157B4E /* MessageBubbleView.swift */ = {isa = PBXFileReference; lastKnownFileType = sourcecode.swift; path = MessageBubbleView.swift; sourceTree = "<group>"; };
		C4CCD188303753FB00157B4E /* ActionProposalView.swift */ = {isa = PBXFileReference; lastKnownFileType = sourcecode.swift; path = ActionProposalView.swift; sourceTree = "<group>"; };
		C4CCD18A3037540300157B4E /* ActivityTagView.swift */ = {isa = PBXFileReference; lastKnownFileType = sourcecode.swift; path = ActivityTagView.swift; sourceTree = "<group>"; };
		C4CCD18C3037541100157B4E /* ShoppingView.swift */ = {isa = PBXFileReference; lastKnownFileType = sourcecode.swift; path = ShoppingView.swift; sourceTree = "<group>"; };
		C4CCD18E3037541E00157B4E /* PricesView.swift */ = {isa = PBXFileReference; lastKnownFileType = sourcecode.swift; path = PricesView.swift; sourceTree = "<group>"; };
		C4CCD1903037542900157B4E /* RecipesView.swift */ = {isa = PBXFileReference; lastKnownFileType = sourcecode.swift; path = RecipesView.swift; sourceTree = "<group>"; };
		C4CCD1923037543700157B4E /* SettingsView.swift */ = {isa = PBXFileReference; lastKnownFileType = sourcecode.swift; path = SettingsView.swift; sourceTree = "<group>"; };
		C4CCD1943037543C00157B4E /* RootTabView.swift */ = {isa = PBXFileReference; lastKnownFileType = sourcecode.swift; path = RootTabView.swift; sourceTree = "<group>"; };
		C4CCD1963037571D00157B4E /* KeychainService.swift */ = {isa = PBXFileReference; lastKnownFileType = sourcecode.swift; path = KeychainService.swift; sourceTree = "<group>"; };
		C4CCD1983037572800157B4E /* GeminiAPITypes.swift */ = {isa = PBXFileReference; lastKnownFileType = sourcecode.swift; path = GeminiAPITypes.swift; sourceTree = "<group>"; };
		C4CCD19A3037575800157B4E /* GeminiAIService.swift */ = {isa = PBXFileReference; lastKnownFileType = sourcecode.swift; path = GeminiAIService.swift; sourceTree = "<group>"; };
		C4CCD19C3037583D00157B4E /* APIKeys.swift */ = {isa = PBXFileReference; lastKnownFileType = sourcecode.swift; path = APIKeys.swift; sourceTree = "<group>"; };
		C4CCD19E30375A1D00157B4E /* OnboardingView.swift */ = {isa = PBXFileReference; lastKnownFileType = sourcecode.swift; path = OnboardingView.swift; sourceTree = "<group>"; };
		C4CCD1A030375A4500157B4E /* ManualEntrySheets.swift */ = {isa = PBXFileReference; lastKnownFileType = sourcecode.swift; path = ManualEntrySheets.swift; sourceTree = "<group>"; };
		C4CCD1A230375A5E00157B4E /* PriceComparisonView.swift */ = {isa = PBXFileReference; lastKnownFileType = sourcecode.swift; path = PriceComparisonView.swift; sourceTree = "<group>"; };
		C4D8788D3037897E002CD76D /* PrisPilotApp.swift */ = {isa = PBXFileReference; lastKnownFileType = sourcecode.swift; path = PrisPilotApp.swift; sourceTree = "<group>"; };
/* End PBXFileReference section */

/* Begin PBXFileSystemSynchronizedRootGroup section */
		77C929644E940276D8C63180 /* DesignSystem */ = {
			isa = PBXFileSystemSynchronizedRootGroup;
			path = DesignSystem;
			sourceTree = "<group>";
		};
		C4ACBAFB30374FA900D1D068 /* PrisPilot */ = {
			isa = PBXFileSystemSynchronizedRootGroup;
			path = PrisPilot;
			sourceTree = "<group>";
		};
		C4ACBB0B30374FAC00D1D068 /* PrisPilotTests */ = {
			isa = PBXFileSystemSynchronizedRootGroup;
			path = PrisPilotTests;
			sourceTree = "<group>";
		};
		C4ACBB1530374FAC00D1D068 /* PrisPilotUITests */ = {
			isa = PBXFileSystemSynchronizedRootGroup;
			path = PrisPilotUITests;
			sourceTree = "<group>";
		};
/* End PBXFileSystemSynchronizedRootGroup section */

/* Begin PBXFrameworksBuildPhase section */
		C4ACBAF630374FA900D1D068 /* Frameworks */ = {
			isa = PBXFrameworksBuildPhase;
			buildActionMask = 2147483647;
			files = (
			);
			runOnlyForDeploymentPostprocessing = 0;
		};
		C4ACBB0530374FAC00D1D068 /* Frameworks */ = {
			isa = PBXFrameworksBuildPhase;
			buildActionMask = 2147483647;
			files = (
			);
			runOnlyForDeploymentPostprocessing = 0;
		};
		C4ACBB0F30374FAC00D1D068 /* Frameworks */ = {
			isa = PBXFrameworksBuildPhase;
			buildActionMask = 2147483647;
			files = (
			);
			runOnlyForDeploymentPostprocessing = 0;
		};
/* End PBXFrameworksBuildPhase section */

/* Begin PBXGroup section */
		C473BA233038844900C67296 /* Scanner */ = {
			isa = PBXGroup;
			children = (
				C473BA243038846300C67296 /* BarcodeScannerView.swift */,
				C473BA263038848900C67296 /* ReceiptScannerView.swift */,
			);
			path = Scanner;
			sourceTree = "<group>";
		};
		C4ACBAF030374FA900D1D068 = {
			isa = PBXGroup;
			children = (
				C4ACBB253037503600D1D068 /* Grocery_AI_App_Plan.md */,
				C4ACBAFB30374FA900D1D068 /* PrisPilot */,
				C4ACBB0B30374FAC00D1D068 /* PrisPilotTests */,
				C4ACBB1530374FAC00D1D068 /* PrisPilotUITests */,
				C4ACBAFA30374FA900D1D068 /* Products */,
				C4D878963037919B002CD76D /* App */,
				77C929644E940276D8C63180 /* DesignSystem */,
				C4D878973037919C002CD76D /* Models */,
				C4D878983037919C002CD76D /* Store */,
				C4D878993037919D002CD76D /* Services */,
				C4D8789A3037919E002CD76D /* Features */,
				C473BA2130386BC100C67296 /* BUILD_STATUS.md */,
			);
			sourceTree = "<group>";
		};
		C4ACBAFA30374FA900D1D068 /* Products */ = {
			isa = PBXGroup;
			children = (
				C4ACBAF930374FA900D1D068 /* PrisPilot.app */,
				C4ACBB0830374FAC00D1D068 /* PrisPilotTests.xctest */,
				C4ACBB1230374FAC00D1D068 /* PrisPilotUITests.xctest */,
			);
			name = Products;
			sourceTree = "<group>";
		};
		C4D878963037919B002CD76D /* App */ = {
			isa = PBXGroup;
			children = (
				C4CCD1943037543C00157B4E /* RootTabView.swift */,
				C4D8788D3037897E002CD76D /* PrisPilotApp.swift */,
			);
			path = App;
			sourceTree = "<group>";
		};
		C4D878973037919C002CD76D /* Models */ = {
			isa = PBXGroup;
			children = (
				C4CCD1763037534300157B4E /* AppModels.swift */,
				C4CCD1783037535000157B4E /* AITypes.swift */,
				C4CCD17A3037536B00157B4E /* ProposedAction.swift */,
				C4CCD180303753AD00157B4E /* ChatModels.swift */,
				C4CCD1983037572800157B4E /* GeminiAPITypes.swift */,
				C473BA1B3038622200C67296 /* AuthModels.swift */,
			);
			path = Models;
			sourceTree = "<group>";
		};
		C4D878983037919C002CD76D /* Store */ = {
			isa = PBXGroup;
			children = (
				C4CCD17E303753A700157B4E /* AppStore.swift */,
				C45E0093303782730021D7F2 /* SwiftDataPersistence.swift */,
				C473BA1D3038623200C67296 /* AuthStore.swift */,
			);
			path = Store;
			sourceTree = "<group>";
		};
		C4D878993037919D002CD76D /* Services */ = {
			isa = PBXGroup;
			children = (
				C4CCD17C3037538E00157B4E /* MockAIService.swift */,
				C4CCD19A3037575800157B4E /* GeminiAIService.swift */,
				C4CCD1963037571D00157B4E /* KeychainService.swift */,
				C4CCD19C3037583D00157B4E /* APIKeys.swift */,
				C44DE10D303E15310082FD4C /* AIScopePolicy.swift */,
			);
			path = Services;
			sourceTree = "<group>";
		};
		C4D8789A3037919E002CD76D /* Features */ = {
			isa = PBXGroup;
			children = (
				C4D8789B3037919F002CD76D /* Chat */,
				C4D8789C3037919F002CD76D /* Onboarding */,
				C4D8789D303791A0002CD76D /* Shopping */,
				C4D8789E303791A1002CD76D /* Prices */,
				C4D8789F303791A1002CD76D /* Recipes */,
				C4D878A0303791A2002CD76D /* Settings */,
				C473BA233038844900C67296 /* Scanner */,
			);
			path = Features;
			sourceTree = "<group>";
		};
		C4D8789B3037919F002CD76D /* Chat */ = {
			isa = PBXGroup;
			children = (
				C4CCD184303753DC00157B4E /* ChatView.swift */,
				C4CCD182303753C700157B4E /* ChatViewModel.swift */,
				C4CCD186303753E700157B4E /* MessageBubbleView.swift */,
				C4CCD188303753FB00157B4E /* ActionProposalView.swift */,
				C4CCD18A3037540300157B4E /* ActivityTagView.swift */,
			);
			path = Chat;
			sourceTree = "<group>";
		};
		C4D8789C3037919F002CD76D /* Onboarding */ = {
			isa = PBXGroup;
			children = (
				C4CCD19E30375A1D00157B4E /* OnboardingView.swift */,
				C45E009130377ABD0021D7F2 /* OnboardingFlow.swift */,
			);
			path = Onboarding;
			sourceTree = "<group>";
		};
		C4D8789D303791A0002CD76D /* Shopping */ = {
			isa = PBXGroup;
			children = (
				C4CCD18C3037541100157B4E /* ShoppingView.swift */,
				C4CCD1A030375A4500157B4E /* ManualEntrySheets.swift */,
			);
			path = Shopping;
			sourceTree = "<group>";
		};
		C4D8789E303791A1002CD76D /* Prices */ = {
			isa = PBXGroup;
			children = (
				C4CCD18E3037541E00157B4E /* PricesView.swift */,
				C4CCD1A230375A5E00157B4E /* PriceComparisonView.swift */,
			);
			path = Prices;
			sourceTree = "<group>";
		};
		C4D8789F303791A1002CD76D /* Recipes */ = {
			isa = PBXGroup;
			children = (
				C4CCD1903037542900157B4E /* RecipesView.swift */,
			);
			path = Recipes;
			sourceTree = "<group>";
		};
		C4D878A0303791A2002CD76D /* Settings */ = {
			isa = PBXGroup;
			children = (
				C4CCD1923037543700157B4E /* SettingsView.swift */,
				C473BA1F3038624500C67296 /* AccountView.swift */,
			);
			path = Settings;
			sourceTree = "<group>";
		};
/* End PBXGroup section */

/* Begin PBXNativeTarget section */
		C4ACBAF830374FA900D1D068 /* PrisPilot */ = {
			isa = PBXNativeTarget;
			buildConfigurationList = C4ACBB1C30374FAC00D1D068 /* Build configuration list for PBXNativeTarget "PrisPilot" */;
			buildPhases = (
				C4ACBAF530374FA900D1D068 /* Sources */,
				C4ACBAF630374FA900D1D068 /* Frameworks */,
				C4ACBAF730374FA900D1D068 /* Resources */,
			);
			buildRules = (
			);
			dependencies = (
			);
			fileSystemSynchronizedGroups = (
				77C929644E940276D8C63180 /* DesignSystem */,
				C4ACBAFB30374FA900D1D068 /* PrisPilot */,
			);
			name = PrisPilot;
			packageProductDependencies = (
			);
			productName = PrisPilot;
			productReference = C4ACBAF930374FA900D1D068 /* PrisPilot.app */;
			productType = "com.apple.product-type.application";
		};
		C4ACBB0730374FAC00D1D068 /* PrisPilotTests */ = {
			isa = PBXNativeTarget;
			buildConfigurationList = C4ACBB1F30374FAC00D1D068 /* Build configuration list for PBXNativeTarget "PrisPilotTests" */;
			buildPhases = (
				C4ACBB0430374FAC00D1D068 /* Sources */,
				C4ACBB0530374FAC00D1D068 /* Frameworks */,
				C4ACBB0630374FAC00D1D068 /* Resources */,
			);
			buildRules = (
			);
			dependencies = (
				C4ACBB0A30374FAC00D1D068 /* PBXTargetDependency */,
			);
			fileSystemSynchronizedGroups = (
				C4ACBB0B30374FAC00D1D068 /* PrisPilotTests */,
			);
			name = PrisPilotTests;
			packageProductDependencies = (
			);
			productName = PrisPilotTests;
			productReference = C4ACBB0830374FAC00D1D068 /* PrisPilotTests.xctest */;
			productType = "com.apple.product-type.bundle.unit-test";
		};
		C4ACBB1130374FAC00D1D068 /* PrisPilotUITests */ = {
			isa = PBXNativeTarget;
			buildConfigurationList = C4ACBB2230374FAC00D1D068 /* Build configuration list for PBXNativeTarget "PrisPilotUITests" */;
			buildPhases = (
				C4ACBB0E30374FAC00D1D068 /* Sources */,
				C4ACBB0F30374FAC00D1D068 /* Frameworks */,
				C4ACBB1030374FAC00D1D068 /* Resources */,
			);
			buildRules = (
			);
			dependencies = (
				C4ACBB1430374FAC00D1D068 /* PBXTargetDependency */,
			);
			fileSystemSynchronizedGroups = (
				C4ACBB1530374FAC00D1D068 /* PrisPilotUITests */,
			);
			name = PrisPilotUITests;
			packageProductDependencies = (
			);
			productName = PrisPilotUITests;
			productReference = C4ACBB1230374FAC00D1D068 /* PrisPilotUITests.xctest */;
			productType = "com.apple.product-type.bundle.ui-testing";
		};
/* End PBXNativeTarget section */

/* Begin PBXProject section */
		C4ACBAF130374FA900D1D068 /* Project object */ = {
			isa = PBXProject;
			attributes = {
				BuildIndependentTargetsInParallel = 1;
				LastSwiftUpdateCheck = 2660;
				LastUpgradeCheck = 2660;
				TargetAttributes = {
					C4ACBAF830374FA900D1D068 = {
						CreatedOnToolsVersion = 26.6;
					};
					C4ACBB0730374FAC00D1D068 = {
						CreatedOnToolsVersion = 26.6;
						TestTargetID = C4ACBAF830374FA900D1D068;
					};
					C4ACBB1130374FAC00D1D068 = {
						CreatedOnToolsVersion = 26.6;
						TestTargetID = C4ACBAF830374FA900D1D068;
					};
				};
			};
			buildConfigurationList = C4ACBAF430374FA900D1D068 /* Build configuration list for PBXProject "PrisPilot" */;
			developmentRegion = en;
			hasScannedForEncodings = 0;
			knownRegions = (
				en,
				Base,
			);
			mainGroup = C4ACBAF030374FA900D1D068;
			minimizedProjectReferenceProxies = 1;
			preferredProjectObjectVersion = 77;
			productRefGroup = C4ACBAFA30374FA900D1D068 /* Products */;
			projectDirPath = "";
			projectRoot = "";
			targets = (
				C4ACBAF830374FA900D1D068 /* PrisPilot */,
				C4ACBB0730374FAC00D1D068 /* PrisPilotTests */,
				C4ACBB1130374FAC00D1D068 /* PrisPilotUITests */,
			);
		};
/* End PBXProject section */

/* Begin PBXResourcesBuildPhase section */
		C4ACBAF730374FA900D1D068 /* Resources */ = {
			isa = PBXResourcesBuildPhase;
			buildActionMask = 2147483647;
			files = (
				C473BA2230386BC100C67296 /* BUILD_STATUS.md in Resources */,
			);
			runOnlyForDeploymentPostprocessing = 0;
		};
		C4ACBB0630374FAC00D1D068 /* Resources */ = {
			isa = PBXResourcesBuildPhase;
			buildActionMask = 2147483647;
			files = (
			);
			runOnlyForDeploymentPostprocessing = 0;
		};
		C4ACBB1030374FAC00D1D068 /* Resources */ = {
			isa = PBXResourcesBuildPhase;
			buildActionMask = 2147483647;
			files = (
			);
			runOnlyForDeploymentPostprocessing = 0;
		};
/* End PBXResourcesBuildPhase section */

/* Begin PBXSourcesBuildPhase section */
		C4ACBAF530374FA900D1D068 /* Sources */ = {
			isa = PBXSourcesBuildPhase;
			buildActionMask = 2147483647;
			files = (
				C473BA253038846300C67296 /* BarcodeScannerView.swift in Sources */,
				C4CCD17D3037538E00157B4E /* MockAIService.swift in Sources */,
				C4CCD1913037542900157B4E /* RecipesView.swift in Sources */,
				C4CCD1793037535000157B4E /* AITypes.swift in Sources */,
				C4CCD1933037543700157B4E /* SettingsView.swift in Sources */,
				C4CCD187303753E700157B4E /* MessageBubbleView.swift in Sources */,
				C4CCD1973037571D00157B4E /* KeychainService.swift in Sources */,
				C473BA203038624500C67296 /* AccountView.swift in Sources */,
				C44DE10E303E15310082FD4C /* AIScopePolicy.swift in Sources */,
				C4CCD1993037572800157B4E /* GeminiAPITypes.swift in Sources */,
				C4CCD181303753AD00157B4E /* ChatModels.swift in Sources */,
				C4CCD18D3037541100157B4E /* ShoppingView.swift in Sources */,
				C473BA1E3038623200C67296 /* AuthStore.swift in Sources */,
				C4CCD19D3037583D00157B4E /* APIKeys.swift in Sources */,
				C473BA1C3038622200C67296 /* AuthModels.swift in Sources */,
				C4CCD1A130375A4500157B4E /* ManualEntrySheets.swift in Sources */,
				C4CCD1953037543C00157B4E /* RootTabView.swift in Sources */,
				C4CCD185303753DC00157B4E /* ChatView.swift in Sources */,
				C4CCD1A330375A5E00157B4E /* PriceComparisonView.swift in Sources */,
				C4D8788F3037897E002CD76D /* PrisPilotApp.swift in Sources */,
				C4CCD1773037534300157B4E /* AppModels.swift in Sources */,
				C473BA273038848900C67296 /* ReceiptScannerView.swift in Sources */,
				C4CCD189303753FB00157B4E /* ActionProposalView.swift in Sources */,
				C45E0094303782730021D7F2 /* SwiftDataPersistence.swift in Sources */,
				C4CCD17B3037536B00157B4E /* ProposedAction.swift in Sources */,
				C45E009230377ABD0021D7F2 /* OnboardingFlow.swift in Sources */,
				C4CCD18F3037541E00157B4E /* PricesView.swift in Sources */,
				C4CCD19B3037575800157B4E /* GeminiAIService.swift in Sources */,
				C4CCD183303753C700157B4E /* ChatViewModel.swift in Sources */,
				C4CCD18B3037540300157B4E /* ActivityTagView.swift in Sources */,
				C4CCD17F303753A700157B4E /* AppStore.swift in Sources */,
				C4CCD19F30375A1D00157B4E /* OnboardingView.swift in Sources */,
			);
			runOnlyForDeploymentPostprocessing = 0;
		};
		C4ACBB0430374FAC00D1D068 /* Sources */ = {
			isa = PBXSourcesBuildPhase;
			buildActionMask = 2147483647;
			files = (
			);
			runOnlyForDeploymentPostprocessing = 0;
		};
		C4ACBB0E30374FAC00D1D068 /* Sources */ = {
			isa = PBXSourcesBuildPhase;
			buildActionMask = 2147483647;
			files = (
			);
			runOnlyForDeploymentPostprocessing = 0;
		};
/* End PBXSourcesBuildPhase section */

/* Begin PBXTargetDependency section */
		C4ACBB0A30374FAC00D1D068 /* PBXTargetDependency */ = {
			isa = PBXTargetDependency;
			target = C4ACBAF830374FA900D1D068 /* PrisPilot */;
			targetProxy = C4ACBB0930374FAC00D1D068 /* PBXContainerItemProxy */;
		};
		C4ACBB1430374FAC00D1D068 /* PBXTargetDependency */ = {
			isa = PBXTargetDependency;
			target = C4ACBAF830374FA900D1D068 /* PrisPilot */;
			targetProxy = C4ACBB1330374FAC00D1D068 /* PBXContainerItemProxy */;
		};
/* End PBXTargetDependency section */

/* Begin XCBuildConfiguration section */
		C4ACBB1A30374FAC00D1D068 /* Debug */ = {
			isa = XCBuildConfiguration;
			buildSettings = {
				ALWAYS_SEARCH_USER_PATHS = NO;
				ASSETCATALOG_COMPILER_GENERATE_SWIFT_ASSET_SYMBOL_EXTENSIONS = YES;
				CLANG_ANALYZER_NONNULL = YES;
				CLANG_ANALYZER_NUMBER_OBJECT_CONVERSION = YES_AGGRESSIVE;
				CLANG_CXX_LANGUAGE_STANDARD = "gnu++20";
				CLANG_ENABLE_MODULES = YES;
				CLANG_ENABLE_OBJC_ARC = YES;
				CLANG_ENABLE_OBJC_WEAK = YES;
				CLANG_WARN_BLOCK_CAPTURE_AUTORELEASING = YES;
				CLANG_WARN_BOOL_CONVERSION = YES;
				CLANG_WARN_COMMA = YES;
				CLANG_WARN_CONSTANT_CONVERSION = YES;
				CLANG_WARN_DEPRECATED_OBJC_IMPLEMENTATIONS = YES;
				CLANG_WARN_DIRECT_OBJC_ISA_USAGE = YES_ERROR;
				CLANG_WARN_DOCUMENTATION_COMMENTS = YES;
				CLANG_WARN_EMPTY_BODY = YES;
				CLANG_WARN_ENUM_CONVERSION = YES;
				CLANG_WARN_INFINITE_RECURSION = YES;
				CLANG_WARN_INT_CONVERSION = YES;
				CLANG_WARN_NON_LITERAL_NULL_CONVERSION = YES;
				CLANG_WARN_OBJC_IMPLICIT_RETAIN_SELF = YES;
				CLANG_WARN_OBJC_LITERAL_CONVERSION = YES;
				CLANG_WARN_OBJC_ROOT_CLASS = YES_ERROR;
				CLANG_WARN_QUOTED_INCLUDE_IN_FRAMEWORK_HEADER = YES;
				CLANG_WARN_RANGE_LOOP_ANALYSIS = YES;
				CLANG_WARN_STRICT_PROTOTYPES = YES;
				CLANG_WARN_SUSPICIOUS_MOVE = YES;
				CLANG_WARN_UNGUARDED_AVAILABILITY = YES_AGGRESSIVE;
				CLANG_WARN_UNREACHABLE_CODE = YES;
				CLANG_WARN__DUPLICATE_METHOD_MATCH = YES;
				COPY_PHASE_STRIP = NO;
				DEBUG_INFORMATION_FORMAT = dwarf;
				DEVELOPMENT_TEAM = G998QE6WG8;
				ENABLE_STRICT_OBJC_MSGSEND = YES;
				ENABLE_TESTABILITY = YES;
				ENABLE_USER_SCRIPT_SANDBOXING = YES;
				GCC_C_LANGUAGE_STANDARD = gnu17;
				GCC_DYNAMIC_NO_PIC = NO;
				GCC_NO_COMMON_BLOCKS = YES;
				GCC_OPTIMIZATION_LEVEL = 0;
				GCC_PREPROCESSOR_DEFINITIONS = (
					"DEBUG=1",
					"$(inherited)",
				);
				GCC_WARN_64_TO_32_BIT_CONVERSION = YES;
				GCC_WARN_ABOUT_RETURN_TYPE = YES_ERROR;
				GCC_WARN_UNDECLARED_SELECTOR = YES;
				GCC_WARN_UNINITIALIZED_AUTOS = YES_AGGRESSIVE;
				GCC_WARN_UNUSED_FUNCTION = YES;
				GCC_WARN_UNUSED_VARIABLE = YES;
				IPHONEOS_DEPLOYMENT_TARGET = 26.5;
				LOCALIZATION_PREFERS_STRING_CATALOGS = YES;
				MTL_ENABLE_DEBUG_INFO = INCLUDE_SOURCE;
				MTL_FAST_MATH = YES;
				ONLY_ACTIVE_ARCH = YES;
				SDKROOT = iphoneos;
				SWIFT_ACTIVE_COMPILATION_CONDITIONS = "DEBUG $(inherited)";
				SWIFT_OPTIMIZATION_LEVEL = "-Onone";
			};
			name = Debug;
		};
		C4ACBB1B30374FAC00D1D068 /* Release */ = {
			isa = XCBuildConfiguration;
			buildSettings = {
				ALWAYS_SEARCH_USER_PATHS = NO;
				ASSETCATALOG_COMPILER_GENERATE_SWIFT_ASSET_SYMBOL_EXTENSIONS = YES;
				CLANG_ANALYZER_NONNULL = YES;
				CLANG_ANALYZER_NUMBER_OBJECT_CONVERSION = YES_AGGRESSIVE;
				CLANG_CXX_LANGUAGE_STANDARD = "gnu++20";
				CLANG_ENABLE_MODULES = YES;
				CLANG_ENABLE_OBJC_ARC = YES;
				CLANG_ENABLE_OBJC_WEAK = YES;
				CLANG_WARN_BLOCK_CAPTURE_AUTORELEASING = YES;
				CLANG_WARN_BOOL_CONVERSION = YES;
				CLANG_WARN_COMMA = YES;
				CLANG_WARN_CONSTANT_CONVERSION = YES;
				CLANG_WARN_DEPRECATED_OBJC_IMPLEMENTATIONS = YES;
				CLANG_WARN_DIRECT_OBJC_ISA_USAGE = YES_ERROR;
				CLANG_WARN_DOCUMENTATION_COMMENTS = YES;
				CLANG_WARN_EMPTY_BODY = YES;
				CLANG_WARN_ENUM_CONVERSION = YES;
				CLANG_WARN_INFINITE_RECURSION = YES;
				CLANG_WARN_INT_CONVERSION = YES;
				CLANG_WARN_NON_LITERAL_NULL_CONVERSION = YES;
				CLANG_WARN_OBJC_IMPLICIT_RETAIN_SELF = YES;
				CLANG_WARN_OBJC_LITERAL_CONVERSION = YES;
				CLANG_WARN_OBJC_ROOT_CLASS = YES_ERROR;
				CLANG_WARN_QUOTED_INCLUDE_IN_FRAMEWORK_HEADER = YES;
				CLANG_WARN_RANGE_LOOP_ANALYSIS = YES;
				CLANG_WARN_STRICT_PROTOTYPES = YES;
				CLANG_WARN_SUSPICIOUS_MOVE = YES;
				CLANG_WARN_UNGUARDED_AVAILABILITY = YES_AGGRESSIVE;
				CLANG_WARN_UNREACHABLE_CODE = YES;
				CLANG_WARN__DUPLICATE_METHOD_MATCH = YES;
				COPY_PHASE_STRIP = NO;
				DEBUG_INFORMATION_FORMAT = "dwarf-with-dsym";
				DEVELOPMENT_TEAM = G998QE6WG8;
				ENABLE_NS_ASSERTIONS = NO;
				ENABLE_STRICT_OBJC_MSGSEND = YES;
				ENABLE_USER_SCRIPT_SANDBOXING = YES;
				GCC_C_LANGUAGE_STANDARD = gnu17;
				GCC_NO_COMMON_BLOCKS = YES;
				GCC_WARN_64_TO_32_BIT_CONVERSION = YES;
				GCC_WARN_ABOUT_RETURN_TYPE = YES_ERROR;
				GCC_WARN_UNDECLARED_SELECTOR = YES;
				GCC_WARN_UNINITIALIZED_AUTOS = YES_AGGRESSIVE;
				GCC_WARN_UNUSED_FUNCTION = YES;
				GCC_WARN_UNUSED_VARIABLE = YES;
				IPHONEOS_DEPLOYMENT_TARGET = 26.5;
				LOCALIZATION_PREFERS_STRING_CATALOGS = YES;
				MTL_ENABLE_DEBUG_INFO = NO;
				MTL_FAST_MATH = YES;
				SDKROOT = iphoneos;
				SWIFT_COMPILATION_MODE = wholemodule;
				VALIDATE_PRODUCT = YES;
			};
			name = Release;
		};
		C4ACBB1D30374FAC00D1D068 /* Debug */ = {
			isa = XCBuildConfiguration;
			buildSettings = {
				ASSETCATALOG_COMPILER_APPICON_NAME = AppIcon;
				ASSETCATALOG_COMPILER_GLOBAL_ACCENT_COLOR_NAME = AccentColor;
				CODE_SIGN_STYLE = Automatic;
				CURRENT_PROJECT_VERSION = 1;
				DEVELOPMENT_TEAM = G998QE6WG8;
				ENABLE_PREVIEWS = YES;
				GENERATE_INFOPLIST_FILE = YES;
				INFOPLIST_KEY_NSCameraUsageDescription = "PrisPilot uses the camera to scan barcodes and receipts.";
				INFOPLIST_KEY_UIApplicationSceneManifest_Generation = YES;
				INFOPLIST_KEY_UIApplicationSupportsIndirectInputEvents = YES;
				INFOPLIST_KEY_UILaunchScreen_Generation = YES;
				INFOPLIST_KEY_UISupportedInterfaceOrientations_iPad = "UIInterfaceOrientationPortrait UIInterfaceOrientationPortraitUpsideDown UIInterfaceOrientationLandscapeLeft UIInterfaceOrientationLandscapeRight";
				INFOPLIST_KEY_UISupportedInterfaceOrientations_iPhone = "UIInterfaceOrientationPortrait UIInterfaceOrientationLandscapeLeft UIInterfaceOrientationLandscapeRight";
				LD_RUNPATH_SEARCH_PATHS = (
					"$(inherited)",
					"@executable_path/Frameworks",
				);
				MARKETING_VERSION = 1.0;
				PRODUCT_BUNDLE_IDENTIFIER = com.joshuajames.PrisPilot;
				PRODUCT_NAME = "$(TARGET_NAME)";
				STRING_CATALOG_GENERATE_SYMBOLS = YES;
				SWIFT_APPROACHABLE_CONCURRENCY = YES;
				SWIFT_DEFAULT_ACTOR_ISOLATION = MainActor;
				SWIFT_EMIT_LOC_STRINGS = YES;
				SWIFT_UPCOMING_FEATURE_MEMBER_IMPORT_VISIBILITY = YES;
				SWIFT_VERSION = 5.0;
				TARGETED_DEVICE_FAMILY = "1,2";
			};
			name = Debug;
		};
		C4ACBB1E30374FAC00D1D068 /* Release */ = {
			isa = XCBuildConfiguration;
			buildSettings = {
				ASSETCATALOG_COMPILER_APPICON_NAME = AppIcon;
				ASSETCATALOG_COMPILER_GLOBAL_ACCENT_COLOR_NAME = AccentColor;
				CODE_SIGN_STYLE = Automatic;
				CURRENT_PROJECT_VERSION = 1;
				DEVELOPMENT_TEAM = G998QE6WG8;
				ENABLE_PREVIEWS = YES;
				GENERATE_INFOPLIST_FILE = YES;
				INFOPLIST_KEY_NSCameraUsageDescription = "PrisPilot uses the camera to scan barcodes and receipts.";
				INFOPLIST_KEY_UIApplicationSceneManifest_Generation = YES;
				INFOPLIST_KEY_UIApplicationSupportsIndirectInputEvents = YES;
				INFOPLIST_KEY_UILaunchScreen_Generation = YES;
				INFOPLIST_KEY_UISupportedInterfaceOrientations_iPad = "UIInterfaceOrientationPortrait UIInterfaceOrientationPortraitUpsideDown UIInterfaceOrientationLandscapeLeft UIInterfaceOrientationLandscapeRight";
				INFOPLIST_KEY_UISupportedInterfaceOrientations_iPhone = "UIInterfaceOrientationPortrait UIInterfaceOrientationLandscapeLeft UIInterfaceOrientationLandscapeRight";
				LD_RUNPATH_SEARCH_PATHS = (
					"$(inherited)",
					"@executable_path/Frameworks",
				);
				MARKETING_VERSION = 1.0;
				PRODUCT_BUNDLE_IDENTIFIER = com.joshuajames.PrisPilot;
				PRODUCT_NAME = "$(TARGET_NAME)";
				STRING_CATALOG_GENERATE_SYMBOLS = YES;
				SWIFT_APPROACHABLE_CONCURRENCY = YES;
				SWIFT_DEFAULT_ACTOR_ISOLATION = MainActor;
				SWIFT_EMIT_LOC_STRINGS = YES;
				SWIFT_UPCOMING_FEATURE_MEMBER_IMPORT_VISIBILITY = YES;
				SWIFT_VERSION = 5.0;
				TARGETED_DEVICE_FAMILY = "1,2";
			};
			name = Release;
		};
		C4ACBB2030374FAC00D1D068 /* Debug */ = {
			isa = XCBuildConfiguration;
			buildSettings = {
				BUNDLE_LOADER = "$(TEST_HOST)";
				CODE_SIGN_STYLE = Automatic;
				CURRENT_PROJECT_VERSION = 1;
				DEVELOPMENT_TEAM = G998QE6WG8;
				GENERATE_INFOPLIST_FILE = YES;
				IPHONEOS_DEPLOYMENT_TARGET = 26.5;
				MARKETING_VERSION = 1.0;
				PRODUCT_BUNDLE_IDENTIFIER = com.joshuajames.PrisPilotTests;
				PRODUCT_NAME = "$(TARGET_NAME)";
				STRING_CATALOG_GENERATE_SYMBOLS = NO;
				SWIFT_APPROACHABLE_CONCURRENCY = YES;
				SWIFT_EMIT_LOC_STRINGS = NO;
				SWIFT_UPCOMING_FEATURE_MEMBER_IMPORT_VISIBILITY = YES;
				SWIFT_VERSION = 5.0;
				TARGETED_DEVICE_FAMILY = "1,2";
				TEST_HOST = "$(BUILT_PRODUCTS_DIR)/PrisPilot.app/$(BUNDLE_EXECUTABLE_FOLDER_PATH)/PrisPilot";
			};
			name = Debug;
		};
		C4ACBB2130374FAC00D1D068 /* Release */ = {
			isa = XCBuildConfiguration;
			buildSettings = {
				BUNDLE_LOADER = "$(TEST_HOST)";
				CODE_SIGN_STYLE = Automatic;
				CURRENT_PROJECT_VERSION = 1;
				DEVELOPMENT_TEAM = G998QE6WG8;
				GENERATE_INFOPLIST_FILE = YES;
				IPHONEOS_DEPLOYMENT_TARGET = 26.5;
				MARKETING_VERSION = 1.0;
				PRODUCT_BUNDLE_IDENTIFIER = com.joshuajames.PrisPilotTests;
				PRODUCT_NAME = "$(TARGET_NAME)";
				STRING_CATALOG_GENERATE_SYMBOLS = NO;
				SWIFT_APPROACHABLE_CONCURRENCY = YES;
				SWIFT_EMIT_LOC_STRINGS = NO;
				SWIFT_UPCOMING_FEATURE_MEMBER_IMPORT_VISIBILITY = YES;
				SWIFT_VERSION = 5.0;
				TARGETED_DEVICE_FAMILY = "1,2";
				TEST_HOST = "$(BUILT_PRODUCTS_DIR)/PrisPilot.app/$(BUNDLE_EXECUTABLE_FOLDER_PATH)/PrisPilot";
			};
			name = Release;
		};
		C4ACBB2330374FAC00D1D068 /* Debug */ = {
			isa = XCBuildConfiguration;
			buildSettings = {
				CODE_SIGN_STYLE = Automatic;
				CURRENT_PROJECT_VERSION = 1;
				DEVELOPMENT_TEAM = G998QE6WG8;
				GENERATE_INFOPLIST_FILE = YES;
				MARKETING_VERSION = 1.0;
				PRODUCT_BUNDLE_IDENTIFIER = com.joshuajames.PrisPilotUITests;
				PRODUCT_NAME = "$(TARGET_NAME)";
				STRING_CATALOG_GENERATE_SYMBOLS = NO;
				SWIFT_APPROACHABLE_CONCURRENCY = YES;
				SWIFT_EMIT_LOC_STRINGS = NO;
				SWIFT_UPCOMING_FEATURE_MEMBER_IMPORT_VISIBILITY = YES;
				SWIFT_VERSION = 5.0;
				TARGETED_DEVICE_FAMILY = "1,2";
				TEST_TARGET_NAME = PrisPilot;
			};
			name = Debug;
		};
		C4ACBB2430374FAC00D1D068 /* Release */ = {
			isa = XCBuildConfiguration;
			buildSettings = {
				CODE_SIGN_STYLE = Automatic;
				CURRENT_PROJECT_VERSION = 1;
				DEVELOPMENT_TEAM = G998QE6WG8;
				GENERATE_INFOPLIST_FILE = YES;
				MARKETING_VERSION = 1.0;
				PRODUCT_BUNDLE_IDENTIFIER = com.joshuajames.PrisPilotUITests;
				PRODUCT_NAME = "$(TARGET_NAME)";
				STRING_CATALOG_GENERATE_SYMBOLS = NO;
				SWIFT_APPROACHABLE_CONCURRENCY = YES;
				SWIFT_EMIT_LOC_STRINGS = NO;
				SWIFT_UPCOMING_FEATURE_MEMBER_IMPORT_VISIBILITY = YES;
				SWIFT_VERSION = 5.0;
				TARGETED_DEVICE_FAMILY = "1,2";
				TEST_TARGET_NAME = PrisPilot;
			};
			name = Release;
		};
/* End XCBuildConfiguration section */

/* Begin XCConfigurationList section */
		C4ACBAF430374FA900D1D068 /* Build configuration list for PBXProject "PrisPilot" */ = {
			isa = XCConfigurationList;
			buildConfigurations = (
				C4ACBB1A30374FAC00D1D068 /* Debug */,
				C4ACBB1B30374FAC00D1D068 /* Release */,
			);
			defaultConfigurationIsVisible = 0;
			defaultConfigurationName = Release;
		};
		C4ACBB1C30374FAC00D1D068 /* Build configuration list for PBXNativeTarget "PrisPilot" */ = {
			isa = XCConfigurationList;
			buildConfigurations = (
				C4ACBB1D30374FAC00D1D068 /* Debug */,
				C4ACBB1E30374FAC00D1D068 /* Release */,
			);
			defaultConfigurationIsVisible = 0;
			defaultConfigurationName = Release;
		};
		C4ACBB1F30374FAC00D1D068 /* Build configuration list for PBXNativeTarget "PrisPilotTests" */ = {
			isa = XCConfigurationList;
			buildConfigurations = (
				C4ACBB2030374FAC00D1D068 /* Debug */,
				C4ACBB2130374FAC00D1D068 /* Release */,
			);
			defaultConfigurationIsVisible = 0;
			defaultConfigurationName = Release;
		};
		C4ACBB2230374FAC00D1D068 /* Build configuration list for PBXNativeTarget "PrisPilotUITests" */ = {
			isa = XCConfigurationList;
			buildConfigurations = (
				C4ACBB2330374FAC00D1D068 /* Debug */,
				C4ACBB2430374FAC00D1D068 /* Release */,
			);
			defaultConfigurationIsVisible = 0;
			defaultConfigurationName = Release;
		};
/* End XCConfigurationList section */
	};
	rootObject = C4ACBAF130374FA900D1D068 /* Project object */;
}
